<?xml version="1.0" encoding="utf-8"?>
<Project ToolsVersion="4.0" xmlns="http://schemas.microsoft.com/developer/msbuild/2003">
  <ItemGroup>
    <Filter Include="Source Files">
      <UniqueIdentifier>{9c603b5a-066f-471a-a3ff-d72e802fbad2}</UniqueIdentifier>
      <Extensions>cpp;c;cxx;rc;def;r;odl;idl;hpj;bat</Extensions>
    </Filter>
    <Filter Include="Header Files">
      <UniqueIdentifier>{3dbc35b6-822e-4acb-a6e6-b711c3f2dcb6}</UniqueIdentifier>
      <Extensions>h;hpp;hxx;hm;inl</Extensions>
    </Filter>
    <Filter Include="Resource Files">
      <UniqueIdentifier>{612198cd-5fc5-4814-822b-42e5377fecab}</UniqueIdentifier>
      <Extensions>ico;cur;bmp;dlg;rc2;rct;bin;rgs;gif;jpg;jpeg;jpe</Extensions>
    </Filter>
  </ItemGroup>
  <ItemGroup>
    <ClCompile Include="AllocationInCFile.c">
      <Filter>Source Files</Filter>
    </ClCompile>
    <ClCompile Include="AllocationInCppFile.cpp">
      <Filter>Source Files</Filter>
    </ClCompile>
    <ClCompile Include="AllocLetTestFree.c">
      <Filter>Source Files</Filter>
    </ClCompile>
    <ClCompile Include="AllocLetTestFreeTest.cpp">
      <Filter>Source Files</Filter>
    </ClCompile>
    <ClCompile Include="CppUTestExt\AllTests.cpp">
      <Filter>Source Files</Filter>
    </ClCompile>
    <ClCompile Include="CheatSheetTest.cpp">
      <Filter>Source Files</Filter>
    </ClCompile>
    <ClCompile Include="CppUTestExt\CodeMemoryReporterTest.cpp">
      <Filter>Source Files</Filter>
    </ClCompile>
    <ClCompile Include="CommandLineArgumentsTest.cpp">
      <Filter>Source Files</Filter>
    </ClCompile>
    <ClCompile Include="CommandLineTestRunnerTest.cpp">
      <Filter>Source Files</Filter>
    </ClCompile>
    <ClCompile Include="CppUTestExt\ExpectedFunctionsListTest.cpp">
      <Filter>Source Files</Filter>
    </ClCompile>
    <ClCompile Include="CppUTestExt\GMockTest.cpp">
      <Filter>Source Files</Filter>
    </ClCompile>
    <ClCompile Include="CppUTestExt\GTest1Test.cpp">
      <Filter>Source Files</Filter>
    </ClCompile>
    <ClCompile Include="CppUTestExt\GTest2ConvertorTest.cpp">
      <Filter>Source Files</Filter>
    </ClCompile>
    <ClCompile Include="CppUTestExt\IEEE754PluginTest.cpp">
      <Filter>Source Files</Filter>
    </ClCompile>
    <ClCompile Include="CppUTestExt\IEEE754PluginTest_c.c">
      <Filter>Source Files</Filter>
    </ClCompile>
    <ClCompile Include="JUnitOutputTest.cpp">
      <Filter>Source Files</Filter>
    </ClCompile>
    <ClCompile Include="MemoryLeakDetectorTest.cpp">
      <Filter>Source Files</Filter>
    </ClCompile>
    <ClCompile Include="MemoryLeakWarningTest.cpp">
      <Filter>Source Files</Filter>
    </ClCompile>
    <ClCompile Include="MemoryOperatorOverloadTest.cpp">
      <Filter>Source Files</Filter>
    </ClCompile>
    <ClCompile Include="CppUTestExt\MemoryReportAllocatorTest.cpp">
      <Filter>Source Files</Filter>
    </ClCompile>
    <ClCompile Include="CppUTestExt\MemoryReporterPluginTest.cpp">
      <Filter>Source Files</Filter>
    </ClCompile>
    <ClCompile Include="CppUTestExt\MemoryReportFormatterTest.cpp">
      <Filter>Source Files</Filter>
    </ClCompile>
    <ClCompile Include="CppUTestExt\MockActualCallTest.cpp">
      <Filter>Source Files</Filter>
    </ClCompile>
    <ClCompile Include="CppUTestExt\MockCallTest.cpp">
      <Filter>Source Files</Filter>
    </ClCompile>
    <ClCompile Include="CppUTestExt\MockCheatSheetTest.cpp">
      <Filter>Source Files</Filter>
    </ClCompile>
    <ClCompile Include="CppUTestExt\MockComparatorCopierTest.cpp">
      <Filter>Source Files</Filter>
    </ClCompile>
    <ClCompile Include="CppUTestExt\MockExpectedCallTest.cpp">
      <Filter>Source Files</Filter>
    </ClCompile>
    <ClCompile Include="CppUTestExt\MockFailureReporterForTest.cpp">
      <Filter>Source Files</Filter>
    </ClCompile>
    <ClCompile Include="CppUTestExt\MockFailureTest.cpp">
      <Filter>Source Files</Filter>
    </ClCompile>
    <ClCompile Include="CppUTestExt\MockHierarchyTest.cpp">
      <Filter>Source Files</Filter>
    </ClCompile>
    <ClCompile Include="CppUTestExt\MockNamedValueTest.cpp">
      <Filter>Source Files</Filter>
    </ClCompile>
    <ClCompile Include="CppUTestExt\MockParameterTest.cpp">
      <Filter>Source Files</Filter>
    </ClCompile>
    <ClCompile Include="CppUTestExt\MockPluginTest.cpp">
      <Filter>Source Files</Filter>
    </ClCompile>
    <ClCompile Include="CppUTestExt\MockReturnValueTest.cpp">
      <Filter>Source Files</Filter>
    </ClCompile>
    <ClCompile Include="CppUTestExt\MockStrictOrderTest.cpp">
      <Filter>Source Files</Filter>
    </ClCompile>
    <ClCompile Include="CppUTestExt\MockSupport_cTest.cpp">
      <Filter>Source Files</Filter>
    </ClCompile>
    <ClCompile Include="CppUTestExt\MockSupport_cTestCFile.c">
      <Filter>Source Files</Filter>
    </ClCompile>
    <ClCompile Include="CppUTestExt\MockSupportTest.cpp">
      <Filter>Source Files</Filter>
    </ClCompile>
    <ClCompile Include="CppUTestExt\OrderedTestTest.cpp">
      <Filter>Source Files</Filter>
    </ClCompile>
    <ClCompile Include="PluginTest.cpp">
      <Filter>Source Files</Filter>
    </ClCompile>
    <ClCompile Include="PreprocessorTest.cpp">
      <Filter>Source Files</Filter>
    </ClCompile>
    <ClCompile Include="SetPluginTest.cpp">
      <Filter>Source Files</Filter>
    </ClCompile>
    <ClCompile Include="SimpleMutexTest.cpp">
      <Filter>Source Files</Filter>
    </ClCompile>
    <ClCompile Include="SimpleStringTest.cpp">
      <Filter>Source Files</Filter>
    </ClCompile>
    <ClCompile Include="TeamCityOutputTest.cpp">
      <Filter>Source Files</Filter>
    </ClCompile>
    <ClCompile Include="TestFailureNaNTest.cpp">
      <Filter>Source Files</Filter>
    </ClCompile>
    <ClCompile Include="TestFailureTest.cpp">
      <Filter>Source Files</Filter>
    </ClCompile>
    <ClCompile Include="TestFilterTest.cpp">
      <Filter>Source Files</Filter>
    </ClCompile>
    <ClCompile Include="TestHarness_cTest.cpp">
      <Filter>Source Files</Filter>
    </ClCompile>
    <ClCompile Include="TestHarness_cTestCFile.c">
      <Filter>Source Files</Filter>
    </ClCompile>
    <ClCompile Include="TestInstallerTest.cpp">
      <Filter>Source Files</Filter>
    </ClCompile>
    <ClCompile Include="TestMemoryAllocatorTest.cpp">
      <Filter>Source Files</Filter>
    </ClCompile>
    <ClCompile Include="TestOutputTest.cpp">
      <Filter>Source Files</Filter>
    </ClCompile>
    <ClCompile Include="TestRegistryTest.cpp">
      <Filter>Source Files</Filter>
    </ClCompile>
    <ClCompile Include="TestResultTest.cpp">
      <Filter>Source Files</Filter>
    </ClCompile>
    <ClCompile Include="TestUTestMacro.cpp">
      <Filter>Source Files</Filter>
    </ClCompile>
    <ClCompile Include="TestUTestStringMacro.cpp">
      <Filter>Source Files</Filter>
    </ClCompile>
    <ClCompile Include="UtestPlatformTest.cpp">
      <Filter>Source Files</Filter>
    </ClCompile>
    <ClCompile Include="UtestTest.cpp">
      <Filter>Source Files</Filter>
    </ClCompile>
  </ItemGroup>
  <ItemGroup>
    <ClInclude Include="CppUTestExt\MockFailureReporterForTest.h">
      <Filter>Source Files</Filter>
    </ClInclude>
    <ClInclude Include="CppUTestExt\MockSupport_cTestCFile.h">
      <Filter>Source Files</Filter>
    </ClInclude>
    <ClInclude Include="AllocationInCFile.h">
      <Filter>Header Files</Filter>
    </ClInclude>
    <ClInclude Include="AllocationInCppFile.h">
      <Filter>Header Files</Filter>
    </ClInclude>
    <ClInclude Include="AllocLetTestFree.h">
      <Filter>Header Files</Filter>
    </ClInclude>
    <ClInclude Include="AllTests.h">
      <Filter>Header Files</Filter>
    </ClInclude>
    <ClInclude Include="CppUTestExt\IEEE754PluginTest_c.h">
      <Filter>Header Files</Filter>
    </ClInclude>
  </ItemGroup>
</Project>